# THIS IS AN AUTOGENERATED FILE. DO NOT EDIT THIS FILE DIRECTLY.
# yarn lockfile v1


"@asymmetrik/ngx-leaflet@^8.1.0":
  version "8.1.0"
  resolved "https://registry.yarnpkg.com/@asymmetrik/ngx-leaflet/-/ngx-leaflet-8.1.0.tgz#e67b965ed49220b4ae55c3218125fc972c6d96a2"
  integrity sha512-lq7LduBP/vXcaSEmKnx7mzCR8WsoYqh9pB6BNnq53yeCwsqRbG3GdKye1/i8VvoRzjDsmQBPQsIFZ9uclXrtgg==

"@types/geojson@*":
  version "7946.0.7"
  resolved "https://registry.yarnpkg.com/@types/geojson/-/geojson-7946.0.7.tgz#c8fa532b60a0042219cdf173ca21a975ef0666ad"
  integrity sha512-wE2v81i4C4Ol09RtsWFAqg3BUitWbHSpSlIo+bNdsCJijO9sjme+zm+73ZMCa/qMC8UEERxzGbvmr1cffo2SiQ==

"@types/leaflet@^1.5.23":
  version "1.5.23"
  resolved "https://registry.yarnpkg.com/@types/leaflet/-/leaflet-1.5.23.tgz#159823a8c86a50383f0c9d9b9dac2af01fa7603b"
  integrity sha512-S/xpuwjZuwYMP+4ZzQ10PX0Jy+0XmwPeojtjqhbca9UXaINdoru91Qm/DUUXyh4qYm3CP6Vher06l/UcA9tUKQ==
  dependencies:
    "@types/geojson" "*"

leaflet@^1.7.1:
  version "1.7.1"
  resolved "https://registry.yarnpkg.com/leaflet/-/leaflet-1.7.1.tgz#10d684916edfe1bf41d688a3b97127c0322a2a19"
  integrity sha512-/xwPEBidtg69Q3HlqPdU3DnrXQOvQU/CCHA1tcDQVzOwm91YMYaILjNp7L4Eaw5Z4sOYdbBz6koWyibppd8Zqw==
